
Microsoft Visual Studio Solution File, Format Version 12.00
# Visual Studio Version 17
VisualStudioVersion = 17.13.35723.152 d17.13
MinimumVisualStudioVersion = 10.0.40219.1
Project("{FAE04EC0-301F-11D3-BF4B-00C04F79EFBC}") = "PrograV", "PrograV\PrograV.csproj", "{ADDABDF7-AA9A-4EF7-A7D6-B85796551EBF}"
EndProject
Global
	GlobalSection(SolutionConfigurationPlatforms) = preSolution
		Debug|Any CPU = Debug|Any CPU
		Release|Any CPU = Release|Any CPU
	EndGlobalSection
	GlobalSection(ProjectConfigurationPlatforms) = postSolution
		{ADDABDF7-AA9A-4EF7-A7D6-B85796551EBF}.Debug|Any CPU.ActiveCfg = Debug|Any CPU
		{ADDABDF7-AA9A-4EF7-A7D6-B85796551EBF}.Debug|Any CPU.Build.0 = Debug|Any CPU
		{ADDABDF7-AA9A-4EF7-A7D6-B85796551EBF}.Release|Any CPU.ActiveCfg = Release|Any CPU
		{ADDABDF7-AA9A-4EF7-A7D6-B85796551EBF}.Release|Any CPU.Build.0 = Release|Any CPU
	EndGlobalSection
	GlobalSection(SolutionProperties) = preSolution
		HideSolutionNode = FALSE
	EndGlobalSection
	GlobalSection(ExtensibilityGlobals) = postSolution
		SolutionGuid = {F56379D3-C1AF-4E40-8F4B-7C7A3BD29717}
	EndGlobalSection
EndGlobal
